{
  "version": "5",
  "specifiers": {
    "npm:@twemoji/api@15.1.0": "15.1.0"
  },
  "npm": {
    "@twemoji/api@15.1.0": {
      "integrity": "sha512-CySXR4/e6vY0z9lC2tW9EVjsH6zzz2/LQvLRMwwpHsDI4xcaweSIP+LcESf1Mq7w2/zcrrhG4ozniMvpSsEXag==",
      "dependencies": [
        "@twemoji/parser",
        "fs-extra",
        "jsonfile@5.0.0",
        "universalify"
      ]
    },
    "@twemoji/parser@15.1.0": {
      "integrity": "sha512-3HTiSxPvkWUJ4kZeCvwyKlIwkpTUfBOk6igpBBRQni58ceQMv5YK4smkc8vX/eqOlMMNER/9qobv+Q6Q8LVrqA=="
    },
    "fs-extra@8.1.0": {
      "integrity": "sha512-yhlQgA6mnOJUKOsRUFsgJdQCvkKhcz8tlZG5HBQfReYZy46OwLcY+Zia0mtdHsOo9y/hP+CxMN0TU9QxoOtG4g==",
      "dependencies": [
        "graceful-fs",
        "jsonfile@4.0.0",
        "universalify"
      ]
    },
    "graceful-fs@4.2.11": {
      "integrity": "sha512-RbJ5/jmFcNNCcDV5o9eTnBLJ/HszWV0P73bc+Ff4nS/rJj+YaS6IGyiOL0VoBYX+l1Wrl3k63h/KrH+nhJ0XvQ=="
    },
    "jsonfile@4.0.0": {
      "integrity": "sha512-m6F1R3z8jjlf2imQHS2Qez5sjKWQzbuuhuJ/FKYFRZvPE3PuHcSMVZzfsLhGVOkfd20obL5SWEBew5ShlquNxg==",
      "optionalDependencies": [
        "graceful-fs"
      ]
    },
    "jsonfile@5.0.0": {
      "integrity": "sha512-NQRZ5CRo74MhMMC3/3r5g2k4fjodJ/wh8MxjFbCViWKFjxrnudWSY5vomh+23ZaXzAS7J3fBZIR2dV6WbmfM0w==",
      "dependencies": [
        "universalify"
      ],
      "optionalDependencies": [
        "graceful-fs"
      ]
    },
    "universalify@0.1.2": {
      "integrity": "sha512-rBJeI5CXAlmy1pV+617WB9J63U6XcazHHF2f2dbJix4XzpUF0RS3Zbj0FGIOCAva5P/d/GBOYaACQ1w+0azUkg=="
    }
  },
  "workspace": {
    "dependencies": [
      "npm:@twemoji/api@15.1.0"
    ]
  }
}
